
Microsoft Visual Studio Solution File, Format Version 12.00
# Visual Studio 15
VisualStudioVersion = 15.0.28307.136
MinimumVisualStudioVersion = 10.0.40219.1
Project("{FAE04EC0-301F-11D3-BF4B-00C04F79EFBC}") = "lesson3", "lesson3\lesson3.csproj", "{37D825EC-D421-42CB-9A51-381A18B72DED}"
EndProject
Global
	GlobalSection(SolutionConfigurationPlatforms) = preSolution
		Debug|Any CPU = Debug|Any CPU
		Release|Any CPU = Release|Any CPU
	EndGlobalSection
	GlobalSection(ProjectConfigurationPlatforms) = postSolution
		{37D825EC-D421-42CB-9A51-381A18B72DED}.Debug|Any CPU.ActiveCfg = Debug|Any CPU
		{37D825EC-D421-42CB-9A51-381A18B72DED}.Debug|Any CPU.Build.0 = Debug|Any CPU
		{37D825EC-D421-42CB-9A51-381A18B72DED}.Release|Any CPU.ActiveCfg = Release|Any CPU
		{37D825EC-D421-42CB-9A51-381A18B72DED}.Release|Any CPU.Build.0 = Release|Any CPU
	EndGlobalSection
	GlobalSection(SolutionProperties) = preSolution
		HideSolutionNode = FALSE
	EndGlobalSection
	GlobalSection(ExtensibilityGlobals) = postSolution
		SolutionGuid = {C024F05B-8CBA-460C-853A-41B23BDCA70F}
	EndGlobalSection
EndGlobal
