
Microsoft Visual Studio Solution File, Format Version 12.00
# Visual Studio 15
VisualStudioVersion = 15.0.28307.136
MinimumVisualStudioVersion = 10.0.40219.1
Project("{FAE04EC0-301F-11D3-BF4B-00C04F79EFBC}") = "udvoitel", "udvoitel\udvoitel.csproj", "{752220D4-53C7-4DBB-BE5C-EE22EBBF3245}"
EndProject
Project("{FAE04EC0-301F-11D3-BF4B-00C04F79EFBC}") = "GuessNum", "GuessNum\GuessNum.csproj", "{22A568FB-D5B5-4E66-9F51-BC41E75BA30D}"
EndProject
Global
	GlobalSection(SolutionConfigurationPlatforms) = preSolution
		Debug|Any CPU = Debug|Any CPU
		Release|Any CPU = Release|Any CPU
	EndGlobalSection
	GlobalSection(ProjectConfigurationPlatforms) = postSolution
		{752220D4-53C7-4DBB-BE5C-EE22EBBF3245}.Debug|Any CPU.ActiveCfg = Debug|Any CPU
		{752220D4-53C7-4DBB-BE5C-EE22EBBF3245}.Debug|Any CPU.Build.0 = Debug|Any CPU
		{752220D4-53C7-4DBB-BE5C-EE22EBBF3245}.Release|Any CPU.ActiveCfg = Release|Any CPU
		{752220D4-53C7-4DBB-BE5C-EE22EBBF3245}.Release|Any CPU.Build.0 = Release|Any CPU
		{22A568FB-D5B5-4E66-9F51-BC41E75BA30D}.Debug|Any CPU.ActiveCfg = Debug|Any CPU
		{22A568FB-D5B5-4E66-9F51-BC41E75BA30D}.Debug|Any CPU.Build.0 = Debug|Any CPU
		{22A568FB-D5B5-4E66-9F51-BC41E75BA30D}.Release|Any CPU.ActiveCfg = Release|Any CPU
		{22A568FB-D5B5-4E66-9F51-BC41E75BA30D}.Release|Any CPU.Build.0 = Release|Any CPU
	EndGlobalSection
	GlobalSection(SolutionProperties) = preSolution
		HideSolutionNode = FALSE
	EndGlobalSection
	GlobalSection(ExtensibilityGlobals) = postSolution
		SolutionGuid = {F52CD5D9-0D57-488F-902F-386558769096}
	EndGlobalSection
EndGlobal
